
Microsoft Visual Studio Solution File, Format Version 12.00
# Visual Studio Version 17
VisualStudioVersion = 17.5.33414.496
MinimumVisualStudioVersion = 10.0.40219.1
Project("{9A19103F-16F7-4668-BE54-9A1E7A4F7556}") = "FloorballTraining.WebApp", "FloorballTraining.WebApp\FloorballTraining.WebApp.csproj", "{59B46916-A191-49CF-95B6-D6EAE994CA64}"
EndProject
Project("{9A19103F-16F7-4668-BE54-9A1E7A4F7556}") = "FloorballTraining.UseCases", "FloorballTraining.UseCases\FloorballTraining.UseCases.csproj", "{12B59619-72BE-46B6-B8EC-10BB95275E88}"
EndProject
Project("{9A19103F-16F7-4668-BE54-9A1E7A4F7556}") = "FloorballTraining.CoreBusiness", "FloorballTraining.CoreBusiness\FloorballTraining.CoreBusiness.csproj", "{1A0844F8-8A3F-405B-BDE4-8C578992C8C7}"
EndProject
Project("{2150E333-8FDC-42A3-9474-1A3956D46DE8}") = "FlorballTraining.Plugins", "FlorballTraining.Plugins", "{971B05C1-BE6E-4472-B5EB-6B2A4E0386B2}"
EndProject
Project("{9A19103F-16F7-4668-BE54-9A1E7A4F7556}") = "FloorballTraining.Plugins.InMemory", "FloorballTraining.Plugins\FloorballTraining.Plugins.InMemory\FloorballTraining.Plugins.InMemory.csproj", "{374249B2-5835-41C2-B12A-3880BF75AF13}"
EndProject
Project("{9A19103F-16F7-4668-BE54-9A1E7A4F7556}") = "FloorballTraining.Services", "FloorballTraining.Services\FloorballTraining.Services.csproj", "{E2247E8A-2F1E-4CD6-9A93-861F454BF726}"
EndProject
Project("{9A19103F-16F7-4668-BE54-9A1E7A4F7556}") = "FloorballTraining.Extensions", "FloorballTraining.Extensions\FloorballTraining.Extensions.csproj", "{3BB7F9EB-C0C3-48AF-88B3-0FAFAA69CC5F}"
EndProject
Project("{9A19103F-16F7-4668-BE54-9A1E7A4F7556}") = "FloorballTraining.Plugins.EFCoreSqlServer", "FloorballTraining.Plugins.EFCoreSqlServer\FloorballTraining.Plugins.EFCoreSqlServer.csproj", "{7C7CE7BD-1855-4405-B9EE-24AB836BBD73}"
EndProject
Project("{9A19103F-16F7-4668-BE54-9A1E7A4F7556}") = "FloorballTraining.SharedResources", "FloorballTraining.SharedResources\FloorballTraining.SharedResources.csproj", "{4315B5B0-B342-4E7F-9F0E-934B3C6DA7AF}"
EndProject
Project("{9A19103F-16F7-4668-BE54-9A1E7A4F7556}") = "FloorballTraining.Reporting", "FloorballTraining.Reporting\FloorballTraining.Reporting.csproj", "{49302BEE-1CD6-4B1C-B190-EE645D272B86}"
EndProject
Global
	GlobalSection(SolutionConfigurationPlatforms) = preSolution
		Debug|Any CPU = Debug|Any CPU
		Release|Any CPU = Release|Any CPU
	EndGlobalSection
	GlobalSection(ProjectConfigurationPlatforms) = postSolution
		{59B46916-A191-49CF-95B6-D6EAE994CA64}.Debug|Any CPU.ActiveCfg = Debug|Any CPU
		{59B46916-A191-49CF-95B6-D6EAE994CA64}.Debug|Any CPU.Build.0 = Debug|Any CPU
		{59B46916-A191-49CF-95B6-D6EAE994CA64}.Release|Any CPU.ActiveCfg = Release|Any CPU
		{59B46916-A191-49CF-95B6-D6EAE994CA64}.Release|Any CPU.Build.0 = Release|Any CPU
		{12B59619-72BE-46B6-B8EC-10BB95275E88}.Debug|Any CPU.ActiveCfg = Debug|Any CPU
		{12B59619-72BE-46B6-B8EC-10BB95275E88}.Debug|Any CPU.Build.0 = Debug|Any CPU
		{12B59619-72BE-46B6-B8EC-10BB95275E88}.Release|Any CPU.ActiveCfg = Release|Any CPU
		{12B59619-72BE-46B6-B8EC-10BB95275E88}.Release|Any CPU.Build.0 = Release|Any CPU
		{1A0844F8-8A3F-405B-BDE4-8C578992C8C7}.Debug|Any CPU.ActiveCfg = Debug|Any CPU
		{1A0844F8-8A3F-405B-BDE4-8C578992C8C7}.Debug|Any CPU.Build.0 = Debug|Any CPU
		{1A0844F8-8A3F-405B-BDE4-8C578992C8C7}.Release|Any CPU.ActiveCfg = Release|Any CPU
		{1A0844F8-8A3F-405B-BDE4-8C578992C8C7}.Release|Any CPU.Build.0 = Release|Any CPU
		{374249B2-5835-41C2-B12A-3880BF75AF13}.Debug|Any CPU.ActiveCfg = Debug|Any CPU
		{374249B2-5835-41C2-B12A-3880BF75AF13}.Debug|Any CPU.Build.0 = Debug|Any CPU
		{374249B2-5835-41C2-B12A-3880BF75AF13}.Release|Any CPU.ActiveCfg = Release|Any CPU
		{374249B2-5835-41C2-B12A-3880BF75AF13}.Release|Any CPU.Build.0 = Release|Any CPU
		{E2247E8A-2F1E-4CD6-9A93-861F454BF726}.Debug|Any CPU.ActiveCfg = Debug|Any CPU
		{E2247E8A-2F1E-4CD6-9A93-861F454BF726}.Debug|Any CPU.Build.0 = Debug|Any CPU
		{E2247E8A-2F1E-4CD6-9A93-861F454BF726}.Release|Any CPU.ActiveCfg = Release|Any CPU
		{E2247E8A-2F1E-4CD6-9A93-861F454BF726}.Release|Any CPU.Build.0 = Release|Any CPU
		{3BB7F9EB-C0C3-48AF-88B3-0FAFAA69CC5F}.Debug|Any CPU.ActiveCfg = Debug|Any CPU
		{3BB7F9EB-C0C3-48AF-88B3-0FAFAA69CC5F}.Debug|Any CPU.Build.0 = Debug|Any CPU
		{3BB7F9EB-C0C3-48AF-88B3-0FAFAA69CC5F}.Release|Any CPU.ActiveCfg = Release|Any CPU
		{3BB7F9EB-C0C3-48AF-88B3-0FAFAA69CC5F}.Release|Any CPU.Build.0 = Release|Any CPU
		{7C7CE7BD-1855-4405-B9EE-24AB836BBD73}.Debug|Any CPU.ActiveCfg = Debug|Any CPU
		{7C7CE7BD-1855-4405-B9EE-24AB836BBD73}.Debug|Any CPU.Build.0 = Debug|Any CPU
		{7C7CE7BD-1855-4405-B9EE-24AB836BBD73}.Release|Any CPU.ActiveCfg = Release|Any CPU
		{7C7CE7BD-1855-4405-B9EE-24AB836BBD73}.Release|Any CPU.Build.0 = Release|Any CPU
		{4315B5B0-B342-4E7F-9F0E-934B3C6DA7AF}.Debug|Any CPU.ActiveCfg = Debug|Any CPU
		{4315B5B0-B342-4E7F-9F0E-934B3C6DA7AF}.Debug|Any CPU.Build.0 = Debug|Any CPU
		{4315B5B0-B342-4E7F-9F0E-934B3C6DA7AF}.Release|Any CPU.ActiveCfg = Release|Any CPU
		{4315B5B0-B342-4E7F-9F0E-934B3C6DA7AF}.Release|Any CPU.Build.0 = Release|Any CPU
		{49302BEE-1CD6-4B1C-B190-EE645D272B86}.Debug|Any CPU.ActiveCfg = Debug|Any CPU
		{49302BEE-1CD6-4B1C-B190-EE645D272B86}.Debug|Any CPU.Build.0 = Debug|Any CPU
		{49302BEE-1CD6-4B1C-B190-EE645D272B86}.Release|Any CPU.ActiveCfg = Release|Any CPU
		{49302BEE-1CD6-4B1C-B190-EE645D272B86}.Release|Any CPU.Build.0 = Release|Any CPU
	EndGlobalSection
	GlobalSection(SolutionProperties) = preSolution
		HideSolutionNode = FALSE
	EndGlobalSection
	GlobalSection(NestedProjects) = preSolution
		{374249B2-5835-41C2-B12A-3880BF75AF13} = {971B05C1-BE6E-4472-B5EB-6B2A4E0386B2}
		{7C7CE7BD-1855-4405-B9EE-24AB836BBD73} = {971B05C1-BE6E-4472-B5EB-6B2A4E0386B2}
	EndGlobalSection
	GlobalSection(ExtensibilityGlobals) = postSolution
		SolutionGuid = {4B012B30-3B52-47BE-8EF9-791EBB828519}
	EndGlobalSection
EndGlobal
