
Microsoft Visual Studio Solution File, Format Version 12.00
# Visual Studio Version 17
VisualStudioVersion = 17.2.32630.192
MinimumVisualStudioVersion = 10.0.40219.1
Project("{FAE04EC0-301F-11D3-BF4B-00C04F79EFBC}") = "TrainingGenerator", "TrainingGenerator\TrainingGenerator.csproj", "{15EDF566-D18D-4930-BB08-4FA273D5068B}"
EndProject
Global
	GlobalSection(SolutionConfigurationPlatforms) = preSolution
		Debug|Any CPU = Debug|Any CPU
		Release|Any CPU = Release|Any CPU
	EndGlobalSection
	GlobalSection(ProjectConfigurationPlatforms) = postSolution
		{15EDF566-D18D-4930-BB08-4FA273D5068B}.Debug|Any CPU.ActiveCfg = Debug|Any CPU
		{15EDF566-D18D-4930-BB08-4FA273D5068B}.Debug|Any CPU.Build.0 = Debug|Any CPU
		{15EDF566-D18D-4930-BB08-4FA273D5068B}.Release|Any CPU.ActiveCfg = Release|Any CPU
		{15EDF566-D18D-4930-BB08-4FA273D5068B}.Release|Any CPU.Build.0 = Release|Any CPU
	EndGlobalSection
	GlobalSection(SolutionProperties) = preSolution
		HideSolutionNode = FALSE
	EndGlobalSection
	GlobalSection(ExtensibilityGlobals) = postSolution
		SolutionGuid = {146AD0DE-F8F8-4AAB-928A-263C344718A2}
	EndGlobalSection
EndGlobal
